// !$*UTF8*$!
{
	archiveVersion = 1;
	classes = {
	};
	objectVersion = 50;
	objects = {

/* Begin PBXBuildFile section */
		5346F31624E27F11003D1D40 /* AlarmModel.swift in Sources */ = {isa = PBXBuildFile; fileRef = 5346F31524E27F11003D1D40 /* AlarmModel.swift */; };
		53C8FBD424E0E5C800A787AD /* AppDelegate.swift in Sources */ = {isa = PBXBuildFile; fileRef = 53C8FBD324E0E5C800A787AD /* AppDelegate.swift */; };
		53C8FBD624E0E5C800A787AD /* SceneDelegate.swift in Sources */ = {isa = PBXBuildFile; fileRef = 53C8FBD524E0E5C800A787AD /* SceneDelegate.swift */; };
		53C8FBD824E0E5C800A787AD /* AlarmViewController.swift in Sources */ = {isa = PBXBuildFile; fileRef = 53C8FBD724E0E5C800A787AD /* AlarmViewController.swift */; };
		53C8FBDB24E0E5C800A787AD /* Main.storyboard in Resources */ = {isa = PBXBuildFile; fileRef = 53C8FBD924E0E5C800A787AD /* Main.storyboard */; };
		53C8FBDD24E0E5D000A787AD /* Assets.xcassets in Resources */ = {isa = PBXBuildFile; fileRef = 53C8FBDC24E0E5D000A787AD /* Assets.xcassets */; };
		53C8FBE024E0E5D000A787AD /* LaunchScreen.storyboard in Resources */ = {isa = PBXBuildFile; fileRef = 53C8FBDE24E0E5D000A787AD /* LaunchScreen.storyboard */; };
		53C8FBEB24E1107300A787AD /* AlarmTableViewCell.swift in Sources */ = {isa = PBXBuildFile; fileRef = 53C8FBEA24E1107300A787AD /* AlarmTableViewCell.swift */; };
		53C8FBED24E13F9C00A787AD /* DetailViewController.swift in Sources */ = {isa = PBXBuildFile; fileRef = 53C8FBEC24E13F9C00A787AD /* DetailViewController.swift */; };
		53D37F2F24E3D0CE00995608 /* InDetailTableViewController.swift in Sources */ = {isa = PBXBuildFile; fileRef = 53D37F2E24E3D0CE00995608 /* InDetailTableViewController.swift */; };
		53D37F3124E50F2600995608 /* RepeatTableViewController.swift in Sources */ = {isa = PBXBuildFile; fileRef = 53D37F3024E50F2600995608 /* RepeatTableViewController.swift */; };
/* End PBXBuildFile section */

/* Begin PBXFileReference section */
		5346F31524E27F11003D1D40 /* AlarmModel.swift */ = {isa = PBXFileReference; lastKnownFileType = sourcecode.swift; path = AlarmModel.swift; sourceTree = "<group>"; };
		53C8FBD024E0E5C700A787AD /* iOSAlermClone.app */ = {isa = PBXFileReference; explicitFileType = wrapper.application; includeInIndex = 0; path = iOSAlermClone.app; sourceTree = BUILT_PRODUCTS_DIR; };
		53C8FBD324E0E5C800A787AD /* AppDelegate.swift */ = {isa = PBXFileReference; lastKnownFileType = sourcecode.swift; path = AppDelegate.swift; sourceTree = "<group>"; };
		53C8FBD524E0E5C800A787AD /* SceneDelegate.swift */ = {isa = PBXFileReference; lastKnownFileType = sourcecode.swift; path = SceneDelegate.swift; sourceTree = "<group>"; };
		53C8FBD724E0E5C800A787AD /* AlarmViewController.swift */ = {isa = PBXFileReference; lastKnownFileType = sourcecode.swift; path = AlarmViewController.swift; sourceTree = "<group>"; };
		53C8FBDA24E0E5C800A787AD /* Base */ = {isa = PBXFileReference; lastKnownFileType = file.storyboard; name = Base; path = Base.lproj/Main.storyboard; sourceTree = "<group>"; };
		53C8FBDC24E0E5D000A787AD /* Assets.xcassets */ = {isa = PBXFileReference; lastKnownFileType = folder.assetcatalog; path = Assets.xcassets; sourceTree = "<group>"; };
		53C8FBDF24E0E5D000A787AD /* Base */ = {isa = PBXFileReference; lastKnownFileType = file.storyboard; name = Base; path = Base.lproj/LaunchScreen.storyboard; sourceTree = "<group>"; };
		53C8FBE124E0E5D000A787AD /* Info.plist */ = {isa = PBXFileReference; lastKnownFileType = text.plist.xml; path = Info.plist; sourceTree = "<group>"; };
		53C8FBEA24E1107300A787AD /* AlarmTableViewCell.swift */ = {isa = PBXFileReference; lastKnownFileType = sourcecode.swift; path = AlarmTableViewCell.swift; sourceTree = "<group>"; };
		53C8FBEC24E13F9C00A787AD /* DetailViewController.swift */ = {isa = PBXFileReference; lastKnownFileType = sourcecode.swift; path = DetailViewController.swift; sourceTree = "<group>"; };
		53D37F2E24E3D0CE00995608 /* InDetailTableViewController.swift */ = {isa = PBXFileReference; lastKnownFileType = sourcecode.swift; path = InDetailTableViewController.swift; sourceTree = "<group>"; };
		53D37F3024E50F2600995608 /* RepeatTableViewController.swift */ = {isa = PBXFileReference; lastKnownFileType = sourcecode.swift; path = RepeatTableViewController.swift; sourceTree = "<group>"; };
/* End PBXFileReference section */

/* Begin PBXFrameworksBuildPhase section */
		53C8FBCD24E0E5C700A787AD /* Frameworks */ = {
			isa = PBXFrameworksBuildPhase;
			buildActionMask = 2147483647;
			files = (
			);
			runOnlyForDeploymentPostprocessing = 0;
		};
/* End PBXFrameworksBuildPhase section */

/* Begin PBXGroup section */
		53C8FBC724E0E5C700A787AD = {
			isa = PBXGroup;
			children = (
				53C8FBD224E0E5C700A787AD /* iOSAlermClone */,
				53C8FBD124E0E5C700A787AD /* Products */,
			);
			sourceTree = "<group>";
		};
		53C8FBD124E0E5C700A787AD /* Products */ = {
			isa = PBXGroup;
			children = (
				53C8FBD024E0E5C700A787AD /* iOSAlermClone.app */,
			);
			name = Products;
			sourceTree = "<group>";
		};
		53C8FBD224E0E5C700A787AD /* iOSAlermClone */ = {
			isa = PBXGroup;
			children = (
				53C8FBD324E0E5C800A787AD /* AppDelegate.swift */,
				53C8FBD524E0E5C800A787AD /* SceneDelegate.swift */,
				53C8FBD724E0E5C800A787AD /* AlarmViewController.swift */,
				53C8FBEA24E1107300A787AD /* AlarmTableViewCell.swift */,
				53C8FBEC24E13F9C00A787AD /* DetailViewController.swift */,
				53D37F2E24E3D0CE00995608 /* InDetailTableViewController.swift */,
				53C8FBD924E0E5C800A787AD /* Main.storyboard */,
				53C8FBDC24E0E5D000A787AD /* Assets.xcassets */,
				53C8FBDE24E0E5D000A787AD /* LaunchScreen.storyboard */,
				53C8FBE124E0E5D000A787AD /* Info.plist */,
				5346F31524E27F11003D1D40 /* AlarmModel.swift */,
				53D37F3024E50F2600995608 /* RepeatTableViewController.swift */,
			);
			path = iOSAlermClone;
			sourceTree = "<group>";
		};
/* End PBXGroup section */

/* Begin PBXNativeTarget section */
		53C8FBCF24E0E5C700A787AD /* iOSAlermClone */ = {
			isa = PBXNativeTarget;
			buildConfigurationList = 53C8FBE424E0E5D000A787AD /* Build configuration list for PBXNativeTarget "iOSAlermClone" */;
			buildPhases = (
				53C8FBCC24E0E5C700A787AD /* Sources */,
				53C8FBCD24E0E5C700A787AD /* Frameworks */,
				53C8FBCE24E0E5C700A787AD /* Resources */,
			);
			buildRules = (
			);
			dependencies = (
			);
			name = iOSAlermClone;
			productName = iOSAlermClone;
			productReference = 53C8FBD024E0E5C700A787AD /* iOSAlermClone.app */;
			productType = "com.apple.product-type.application";
		};
/* End PBXNativeTarget section */

/* Begin PBXProject section */
		53C8FBC824E0E5C700A787AD /* Project object */ = {
			isa = PBXProject;
			attributes = {
				LastSwiftUpdateCheck = 1150;
				LastUpgradeCheck = 1150;
				ORGANIZATIONNAME = yuming;
				TargetAttributes = {
					53C8FBCF24E0E5C700A787AD = {
						CreatedOnToolsVersion = 11.5;
					};
				};
			};
			buildConfigurationList = 53C8FBCB24E0E5C700A787AD /* Build configuration list for PBXProject "iOSAlermClone" */;
			compatibilityVersion = "Xcode 9.3";
			developmentRegion = en;
			hasScannedForEncodings = 0;
			knownRegions = (
				en,
				Base,
			);
			mainGroup = 53C8FBC724E0E5C700A787AD;
			productRefGroup = 53C8FBD124E0E5C700A787AD /* Products */;
			projectDirPath = "";
			projectRoot = "";
			targets = (
				53C8FBCF24E0E5C700A787AD /* iOSAlermClone */,
			);
		};
/* End PBXProject section */

/* Begin PBXResourcesBuildPhase section */
		53C8FBCE24E0E5C700A787AD /* Resources */ = {
			isa = PBXResourcesBuildPhase;
			buildActionMask = 2147483647;
			files = (
				53C8FBE024E0E5D000A787AD /* LaunchScreen.storyboard in Resources */,
				53C8FBDD24E0E5D000A787AD /* Assets.xcassets in Resources */,
				53C8FBDB24E0E5C800A787AD /* Main.storyboard in Resources */,
			);
			runOnlyForDeploymentPostprocessing = 0;
		};
/* End PBXResourcesBuildPhase section */

/* Begin PBXSourcesBuildPhase section */
		53C8FBCC24E0E5C700A787AD /* Sources */ = {
			isa = PBXSourcesBuildPhase;
			buildActionMask = 2147483647;
			files = (
				53C8FBD824E0E5C800A787AD /* AlarmViewController.swift in Sources */,
				53C8FBD424E0E5C800A787AD /* AppDelegate.swift in Sources */,
				53D37F3124E50F2600995608 /* RepeatTableViewController.swift in Sources */,
				53C8FBED24E13F9C00A787AD /* DetailViewController.swift in Sources */,
				53C8FBD624E0E5C800A787AD /* SceneDelegate.swift in Sources */,
				53C8FBEB24E1107300A787AD /* AlarmTableViewCell.swift in Sources */,
				5346F31624E27F11003D1D40 /* AlarmModel.swift in Sources */,
				53D37F2F24E3D0CE00995608 /* InDetailTableViewController.swift in Sources */,
			);
			runOnlyForDeploymentPostprocessing = 0;
		};
/* End PBXSourcesBuildPhase section */

/* Begin PBXVariantGroup section */
		53C8FBD924E0E5C800A787AD /* Main.storyboard */ = {
			isa = PBXVariantGroup;
			children = (
				53C8FBDA24E0E5C800A787AD /* Base */,
			);
			name = Main.storyboard;
			sourceTree = "<group>";
		};
		53C8FBDE24E0E5D000A787AD /* LaunchScreen.storyboard */ = {
			isa = PBXVariantGroup;
			children = (
				53C8FBDF24E0E5D000A787AD /* Base */,
			);
			name = LaunchScreen.storyboard;
			sourceTree = "<group>";
		};
/* End PBXVariantGroup section */

/* Begin XCBuildConfiguration section */
		53C8FBE224E0E5D000A787AD /* Debug */ = {
			isa = XCBuildConfiguration;
			buildSettings = {
				ALWAYS_SEARCH_USER_PATHS = NO;
				CLANG_ANALYZER_NONNULL = YES;
				CLANG_ANALYZER_NUMBER_OBJECT_CONVERSION = YES_AGGRESSIVE;
				CLANG_CXX_LANGUAGE_STANDARD = "gnu++14";
				CLANG_CXX_LIBRARY = "libc++";
				CLANG_ENABLE_MODULES = YES;
				CLANG_ENABLE_OBJC_ARC = YES;
				CLANG_ENABLE_OBJC_WEAK = YES;
				CLANG_WARN_BLOCK_CAPTURE_AUTORELEASING = YES;
				CLANG_WARN_BOOL_CONVERSION = YES;
				CLANG_WARN_COMMA = YES;
				CLANG_WARN_CONSTANT_CONVERSION = YES;
				CLANG_WARN_DEPRECATED_OBJC_IMPLEMENTATIONS = YES;
				CLANG_WARN_DIRECT_OBJC_ISA_USAGE = YES_ERROR;
				CLANG_WARN_DOCUMENTATION_COMMENTS = YES;
				CLANG_WARN_EMPTY_BODY = YES;
				CLANG_WARN_ENUM_CONVERSION = YES;
				CLANG_WARN_INFINITE_RECURSION = YES;
				CLANG_WARN_INT_CONVERSION = YES;
				CLANG_WARN_NON_LITERAL_NULL_CONVERSION = YES;
				CLANG_WARN_OBJC_IMPLICIT_RETAIN_SELF = YES;
				CLANG_WARN_OBJC_LITERAL_CONVERSION = YES;
				CLANG_WARN_OBJC_ROOT_CLASS = YES_ERROR;
				CLANG_WARN_RANGE_LOOP_ANALYSIS = YES;
				CLANG_WARN_STRICT_PROTOTYPES = YES;
				CLANG_WARN_SUSPICIOUS_MOVE = YES;
				CLANG_WARN_UNGUARDED_AVAILABILITY = YES_AGGRESSIVE;
				CLANG_WARN_UNREACHABLE_CODE = YES;
				CLANG_WARN__DUPLICATE_METHOD_MATCH = YES;
				COPY_PHASE_STRIP = NO;
				DEBUG_INFORMATION_FORMAT = dwarf;
				ENABLE_STRICT_OBJC_MSGSEND = YES;
				ENABLE_TESTABILITY = YES;
				GCC_C_LANGUAGE_STANDARD = gnu11;
				GCC_DYNAMIC_NO_PIC = NO;
				GCC_NO_COMMON_BLOCKS = YES;
				GCC_OPTIMIZATION_LEVEL = 0;
				GCC_PREPROCESSOR_DEFINITIONS = (
					"DEBUG=1",
					"$(inherited)",
				);
				GCC_WARN_64_TO_32_BIT_CONVERSION = YES;
				GCC_WARN_ABOUT_RETURN_TYPE = YES_ERROR;
				GCC_WARN_UNDECLARED_SELECTOR = YES;
				GCC_WARN_UNINITIALIZED_AUTOS = YES_AGGRESSIVE;
				GCC_WARN_UNUSED_FUNCTION = YES;
				GCC_WARN_UNUSED_VARIABLE = YES;
				IPHONEOS_DEPLOYMENT_TARGET = 13.5;
				MTL_ENABLE_DEBUG_INFO = INCLUDE_SOURCE;
				MTL_FAST_MATH = YES;
				ONLY_ACTIVE_ARCH = YES;
				SDKROOT = iphoneos;
				SWIFT_ACTIVE_COMPILATION_CONDITIONS = DEBUG;
				SWIFT_OPTIMIZATION_LEVEL = "-Onone";
			};
			name = Debug;
		};
		53C8FBE324E0E5D000A787AD /* Release */ = {
			isa = XCBuildConfiguration;
			buildSettings = {
				ALWAYS_SEARCH_USER_PATHS = NO;
				CLANG_ANALYZER_NONNULL = YES;
				CLANG_ANALYZER_NUMBER_OBJECT_CONVERSION = YES_AGGRESSIVE;
				CLANG_CXX_LANGUAGE_STANDARD = "gnu++14";
				CLANG_CXX_LIBRARY = "libc++";
				CLANG_ENABLE_MODULES = YES;
				CLANG_ENABLE_OBJC_ARC = YES;
				CLANG_ENABLE_OBJC_WEAK = YES;
				CLANG_WARN_BLOCK_CAPTURE_AUTORELEASING = YES;
				CLANG_WARN_BOOL_CONVERSION = YES;
				CLANG_WARN_COMMA = YES;
				CLANG_WARN_CONSTANT_CONVERSION = YES;
				CLANG_WARN_DEPRECATED_OBJC_IMPLEMENTATIONS = YES;
				CLANG_WARN_DIRECT_OBJC_ISA_USAGE = YES_ERROR;
				CLANG_WARN_DOCUMENTATION_COMMENTS = YES;
				CLANG_WARN_EMPTY_BODY = YES;
				CLANG_WARN_ENUM_CONVERSION = YES;
				CLANG_WARN_INFINITE_RECURSION = YES;
				CLANG_WARN_INT_CONVERSION = YES;
				CLANG_WARN_NON_LITERAL_NULL_CONVERSION = YES;
				CLANG_WARN_OBJC_IMPLICIT_RETAIN_SELF = YES;
				CLANG_WARN_OBJC_LITERAL_CONVERSION = YES;
				CLANG_WARN_OBJC_ROOT_CLASS = YES_ERROR;
				CLANG_WARN_RANGE_LOOP_ANALYSIS = YES;
				CLANG_WARN_STRICT_PROTOTYPES = YES;
				CLANG_WARN_SUSPICIOUS_MOVE = YES;
				CLANG_WARN_UNGUARDED_AVAILABILITY = YES_AGGRESSIVE;
				CLANG_WARN_UNREACHABLE_CODE = YES;
				CLANG_WARN__DUPLICATE_METHOD_MATCH = YES;
				COPY_PHASE_STRIP = NO;
				DEBUG_INFORMATION_FORMAT = "dwarf-with-dsym";
				ENABLE_NS_ASSERTIONS = NO;
				ENABLE_STRICT_OBJC_MSGSEND = YES;
				GCC_C_LANGUAGE_STANDARD = gnu11;
				GCC_NO_COMMON_BLOCKS = YES;
				GCC_WARN_64_TO_32_BIT_CONVERSION = YES;
				GCC_WARN_ABOUT_RETURN_TYPE = YES_ERROR;
				GCC_WARN_UNDECLARED_SELECTOR = YES;
				GCC_WARN_UNINITIALIZED_AUTOS = YES_AGGRESSIVE;
				GCC_WARN_UNUSED_FUNCTION = YES;
				GCC_WARN_UNUSED_VARIABLE = YES;
				IPHONEOS_DEPLOYMENT_TARGET = 13.5;
				MTL_ENABLE_DEBUG_INFO = NO;
				MTL_FAST_MATH = YES;
				SDKROOT = iphoneos;
				SWIFT_COMPILATION_MODE = wholemodule;
				SWIFT_OPTIMIZATION_LEVEL = "-O";
				VALIDATE_PRODUCT = YES;
			};
			name = Release;
		};
		53C8FBE524E0E5D000A787AD /* Debug */ = {
			isa = XCBuildConfiguration;
			buildSettings = {
				ASSETCATALOG_COMPILER_APPICON_NAME = AppIcon;
				CODE_SIGN_STYLE = Automatic;
				DEVELOPMENT_TEAM = 6X5J69Q9BS;
				INFOPLIST_FILE = iOSAlermClone/Info.plist;
				LD_RUNPATH_SEARCH_PATHS = (
					"$(inherited)",
					"@executable_path/Frameworks",
				);
				PRODUCT_BUNDLE_IDENTIFIER = com.Jimmy.iOSAlermClone;
				PRODUCT_NAME = "$(TARGET_NAME)";
				SWIFT_VERSION = 5.0;
				TARGETED_DEVICE_FAMILY = "1,2";
			};
			name = Debug;
		};
		53C8FBE624E0E5D000A787AD /* Release */ = {
			isa = XCBuildConfiguration;
			buildSettings = {
				ASSETCATALOG_COMPILER_APPICON_NAME = AppIcon;
				CODE_SIGN_STYLE = Automatic;
				DEVELOPMENT_TEAM = 6X5J69Q9BS;
				INFOPLIST_FILE = iOSAlermClone/Info.plist;
				LD_RUNPATH_SEARCH_PATHS = (
					"$(inherited)",
					"@executable_path/Frameworks",
				);
				PRODUCT_BUNDLE_IDENTIFIER = com.Jimmy.iOSAlermClone;
				PRODUCT_NAME = "$(TARGET_NAME)";
				SWIFT_VERSION = 5.0;
				TARGETED_DEVICE_FAMILY = "1,2";
			};
			name = Release;
		};
/* End XCBuildConfiguration section */

/* Begin XCConfigurationList section */
		53C8FBCB24E0E5C700A787AD /* Build configuration list for PBXProject "iOSAlermClone" */ = {
			isa = XCConfigurationList;
			buildConfigurations = (
				53C8FBE224E0E5D000A787AD /* Debug */,
				53C8FBE324E0E5D000A787AD /* Release */,
			);
			defaultConfigurationIsVisible = 0;
			defaultConfigurationName = Release;
		};
		53C8FBE424E0E5D000A787AD /* Build configuration list for PBXNativeTarget "iOSAlermClone" */ = {
			isa = XCConfigurationList;
			buildConfigurations = (
				53C8FBE524E0E5D000A787AD /* Debug */,
				53C8FBE624E0E5D000A787AD /* Release */,
			);
			defaultConfigurationIsVisible = 0;
			defaultConfigurationName = Release;
		};
/* End XCConfigurationList section */
	};
	rootObject = 53C8FBC824E0E5C700A787AD /* Project object */;
}
